// !$*UTF8*$!
{
	archiveVersion = 1;
	classes = {
	};
	objectVersion = 50;
	objects = {

/* Begin PBXBuildFile section */
		B625D29E248B962E00773D59 /* MainNavigationController.swift in Sources */ = {isa = PBXBuildFile; fileRef = B625D29D248B962E00773D59 /* MainNavigationController.swift */; };
		B625D2A0248B9DC000773D59 /* StructuurVariabelen.swift in Sources */ = {isa = PBXBuildFile; fileRef = B625D29F248B9DC000773D59 /* StructuurVariabelen.swift */; };
		B625D2AC248BD4A700773D59 /* AddTransportmiddelController.swift in Sources */ = {isa = PBXBuildFile; fileRef = B625D2AB248BD4A700773D59 /* AddTransportmiddelController.swift */; };
		B625D2AE248BE10700773D59 /* AddMetingController.swift in Sources */ = {isa = PBXBuildFile; fileRef = B625D2AD248BE10700773D59 /* AddMetingController.swift */; };
		B650A17724923DC20043A443 /* Validation.swift in Sources */ = {isa = PBXBuildFile; fileRef = B650A17624923DC10043A443 /* Validation.swift */; };
		B6646E4724C0934300EF3E52 /* MeetingRequest.swift in Sources */ = {isa = PBXBuildFile; fileRef = B6646E4624C0934300EF3E52 /* MeetingRequest.swift */; };
		B668210F248BF0C600F7D88E /* TransportTableViewController.swift in Sources */ = {isa = PBXBuildFile; fileRef = B668210E248BF0C600F7D88E /* TransportTableViewController.swift */; };
		B6682116248D2D3B00F7D88E /* apiConnection.swift in Sources */ = {isa = PBXBuildFile; fileRef = B6682115248D2D3B00F7D88E /* apiConnection.swift */; };
		B6682118248E2B1F00F7D88E /* ApiStruct.swift in Sources */ = {isa = PBXBuildFile; fileRef = B6682117248E2B1F00F7D88E /* ApiStruct.swift */; };
		B668211B248E2C1500F7D88E /* TransportRequest.swift in Sources */ = {isa = PBXBuildFile; fileRef = B668211A248E2C1500F7D88E /* TransportRequest.swift */; };
		B668211E248E685700F7D88E /* TransportRequest.swift in Resources */ = {isa = PBXBuildFile; fileRef = B668211A248E2C1500F7D88E /* TransportRequest.swift */; };
		B6682120248E685700F7D88E /* apiConnection.swift in Resources */ = {isa = PBXBuildFile; fileRef = B6682115248D2D3B00F7D88E /* apiConnection.swift */; };
		B66F18E5249E246C00F2E490 /* voertuigDetailsController.swift in Sources */ = {isa = PBXBuildFile; fileRef = B66F18E4249E246C00F2E490 /* voertuigDetailsController.swift */; };
		B6B42C6A248A76F4007E8582 /* AppDelegate.swift in Sources */ = {isa = PBXBuildFile; fileRef = B6B42C69248A76F4007E8582 /* AppDelegate.swift */; };
		B6B42C6C248A76F4007E8582 /* SceneDelegate.swift in Sources */ = {isa = PBXBuildFile; fileRef = B6B42C6B248A76F4007E8582 /* SceneDelegate.swift */; };
		B6B42C6E248A76F4007E8582 /* BaseViewController.swift in Sources */ = {isa = PBXBuildFile; fileRef = B6B42C6D248A76F4007E8582 /* BaseViewController.swift */; };
		B6B42C71248A76F4007E8582 /* Main.storyboard in Resources */ = {isa = PBXBuildFile; fileRef = B6B42C6F248A76F4007E8582 /* Main.storyboard */; };
		B6B42C73248A76F7007E8582 /* Assets.xcassets in Resources */ = {isa = PBXBuildFile; fileRef = B6B42C72248A76F7007E8582 /* Assets.xcassets */; };
		B6B42C76248A76F7007E8582 /* LaunchScreen.storyboard in Resources */ = {isa = PBXBuildFile; fileRef = B6B42C74248A76F7007E8582 /* LaunchScreen.storyboard */; };
		B6D3A22524C347AB002C7E1B /* historyController.swift in Sources */ = {isa = PBXBuildFile; fileRef = B6D3A22424C347AB002C7E1B /* historyController.swift */; };
		B6D3A22824C4F733002C7E1B /* sym-motor.png in Resources */ = {isa = PBXBuildFile; fileRef = B6D3A22724C4F733002C7E1B /* sym-motor.png */; };
		B6D3A22A24C4F73A002C7E1B /* meter.png in Resources */ = {isa = PBXBuildFile; fileRef = B6D3A22924C4F73A002C7E1B /* meter.png */; };
		B6D3A22C24C4F740002C7E1B /* steering-wheel.png in Resources */ = {isa = PBXBuildFile; fileRef = B6D3A22B24C4F740002C7E1B /* steering-wheel.png */; };
		B6D3A22E24C4F7AF002C7E1B /* turbo.png in Resources */ = {isa = PBXBuildFile; fileRef = B6D3A22D24C4F7AF002C7E1B /* turbo.png */; };
		B6D3A23024C4F7C3002C7E1B /* timon-studler-qSBrGyEtbdQ-unsplash.jpg in Resources */ = {isa = PBXBuildFile; fileRef = B6D3A22F24C4F7C3002C7E1B /* timon-studler-qSBrGyEtbdQ-unsplash.jpg */; };
		B6D3A23224C4F7C8002C7E1B /* gab-pili-zXbKVDCyW8A-unsplash.jpg in Resources */ = {isa = PBXBuildFile; fileRef = B6D3A23124C4F7C8002C7E1B /* gab-pili-zXbKVDCyW8A-unsplash.jpg */; };
		B6D3A23424C4F895002C7E1B /* logout.png in Resources */ = {isa = PBXBuildFile; fileRef = B6D3A23324C4F895002C7E1B /* logout.png */; };
		B6D3A23624C4FD57002C7E1B /* jonathan-borba-Hnws8oSFcgU-unsplash.jpg in Resources */ = {isa = PBXBuildFile; fileRef = B6D3A23524C4FD57002C7E1B /* jonathan-borba-Hnws8oSFcgU-unsplash.jpg */; };
/* End PBXBuildFile section */

/* Begin PBXFileReference section */
		B625D29D248B962E00773D59 /* MainNavigationController.swift */ = {isa = PBXFileReference; lastKnownFileType = sourcecode.swift; path = MainNavigationController.swift; sourceTree = "<group>"; };
		B625D29F248B9DC000773D59 /* StructuurVariabelen.swift */ = {isa = PBXFileReference; lastKnownFileType = sourcecode.swift; path = StructuurVariabelen.swift; sourceTree = "<group>"; };
		B625D2AB248BD4A700773D59 /* AddTransportmiddelController.swift */ = {isa = PBXFileReference; fileEncoding = 4; lastKnownFileType = sourcecode.swift; name = AddTransportmiddelController.swift; path = ../../../AddTransportmiddelController.swift; sourceTree = "<group>"; };
		B625D2AD248BE10700773D59 /* AddMetingController.swift */ = {isa = PBXFileReference; lastKnownFileType = sourcecode.swift; path = AddMetingController.swift; sourceTree = "<group>"; };
		B650A17624923DC10043A443 /* Validation.swift */ = {isa = PBXFileReference; lastKnownFileType = sourcecode.swift; path = Validation.swift; sourceTree = "<group>"; };
		B6646E4624C0934300EF3E52 /* MeetingRequest.swift */ = {isa = PBXFileReference; lastKnownFileType = sourcecode.swift; path = MeetingRequest.swift; sourceTree = "<group>"; };
		B668210E248BF0C600F7D88E /* TransportTableViewController.swift */ = {isa = PBXFileReference; lastKnownFileType = sourcecode.swift; path = TransportTableViewController.swift; sourceTree = "<group>"; };
		B6682115248D2D3B00F7D88E /* apiConnection.swift */ = {isa = PBXFileReference; lastKnownFileType = sourcecode.swift; path = apiConnection.swift; sourceTree = "<group>"; };
		B6682117248E2B1F00F7D88E /* ApiStruct.swift */ = {isa = PBXFileReference; lastKnownFileType = sourcecode.swift; path = ApiStruct.swift; sourceTree = "<group>"; };
		B668211A248E2C1500F7D88E /* TransportRequest.swift */ = {isa = PBXFileReference; lastKnownFileType = sourcecode.swift; path = TransportRequest.swift; sourceTree = "<group>"; };
		B66F18E4249E246C00F2E490 /* voertuigDetailsController.swift */ = {isa = PBXFileReference; lastKnownFileType = sourcecode.swift; path = voertuigDetailsController.swift; sourceTree = "<group>"; };
		B6B42C66248A76F4007E8582 /* Fuelcounter.app */ = {isa = PBXFileReference; explicitFileType = wrapper.application; includeInIndex = 0; path = Fuelcounter.app; sourceTree = BUILT_PRODUCTS_DIR; };
		B6B42C69248A76F4007E8582 /* AppDelegate.swift */ = {isa = PBXFileReference; lastKnownFileType = sourcecode.swift; path = AppDelegate.swift; sourceTree = "<group>"; };
		B6B42C6B248A76F4007E8582 /* SceneDelegate.swift */ = {isa = PBXFileReference; lastKnownFileType = sourcecode.swift; path = SceneDelegate.swift; sourceTree = "<group>"; };
		B6B42C6D248A76F4007E8582 /* BaseViewController.swift */ = {isa = PBXFileReference; lastKnownFileType = sourcecode.swift; path = BaseViewController.swift; sourceTree = "<group>"; };
		B6B42C70248A76F4007E8582 /* Base */ = {isa = PBXFileReference; lastKnownFileType = file.storyboard; name = Base; path = Base.lproj/Main.storyboard; sourceTree = "<group>"; };
		B6B42C72248A76F7007E8582 /* Assets.xcassets */ = {isa = PBXFileReference; lastKnownFileType = folder.assetcatalog; path = Assets.xcassets; sourceTree = "<group>"; };
		B6B42C75248A76F7007E8582 /* Base */ = {isa = PBXFileReference; lastKnownFileType = file.storyboard; name = Base; path = Base.lproj/LaunchScreen.storyboard; sourceTree = "<group>"; };
		B6B42C77248A76F7007E8582 /* Info.plist */ = {isa = PBXFileReference; lastKnownFileType = text.plist.xml; path = Info.plist; sourceTree = "<group>"; };
		B6D3A22424C347AB002C7E1B /* historyController.swift */ = {isa = PBXFileReference; lastKnownFileType = sourcecode.swift; path = historyController.swift; sourceTree = "<group>"; };
		B6D3A22724C4F733002C7E1B /* sym-motor.png */ = {isa = PBXFileReference; lastKnownFileType = image.png; name = "sym-motor.png"; path = "../../../../../Downloads/sym-motor.png"; sourceTree = "<group>"; };
		B6D3A22924C4F73A002C7E1B /* meter.png */ = {isa = PBXFileReference; lastKnownFileType = image.png; name = meter.png; path = ../../../../../Downloads/meter.png; sourceTree = "<group>"; };
		B6D3A22B24C4F740002C7E1B /* steering-wheel.png */ = {isa = PBXFileReference; lastKnownFileType = image.png; name = "steering-wheel.png"; path = "../../../../../Downloads/steering-wheel.png"; sourceTree = "<group>"; };
		B6D3A22D24C4F7AF002C7E1B /* turbo.png */ = {isa = PBXFileReference; lastKnownFileType = image.png; name = turbo.png; path = ../../../../../Downloads/turbo.png; sourceTree = "<group>"; };
		B6D3A22F24C4F7C3002C7E1B /* timon-studler-qSBrGyEtbdQ-unsplash.jpg */ = {isa = PBXFileReference; lastKnownFileType = image.jpeg; name = "timon-studler-qSBrGyEtbdQ-unsplash.jpg"; path = "../../../../../Downloads/timon-studler-qSBrGyEtbdQ-unsplash.jpg"; sourceTree = "<group>"; };
		B6D3A23124C4F7C8002C7E1B /* gab-pili-zXbKVDCyW8A-unsplash.jpg */ = {isa = PBXFileReference; lastKnownFileType = image.jpeg; name = "gab-pili-zXbKVDCyW8A-unsplash.jpg"; path = "../../../../../Downloads/gab-pili-zXbKVDCyW8A-unsplash.jpg"; sourceTree = "<group>"; };
		B6D3A23324C4F895002C7E1B /* logout.png */ = {isa = PBXFileReference; lastKnownFileType = image.png; name = logout.png; path = ../../../../../Downloads/logout.png; sourceTree = "<group>"; };
		B6D3A23524C4FD57002C7E1B /* jonathan-borba-Hnws8oSFcgU-unsplash.jpg */ = {isa = PBXFileReference; lastKnownFileType = image.jpeg; name = "jonathan-borba-Hnws8oSFcgU-unsplash.jpg"; path = "../../../../../Downloads/jonathan-borba-Hnws8oSFcgU-unsplash.jpg"; sourceTree = "<group>"; };
/* End PBXFileReference section */

/* Begin PBXFrameworksBuildPhase section */
		B6B42C63248A76F4007E8582 /* Frameworks */ = {
			isa = PBXFrameworksBuildPhase;
			buildActionMask = 2147483647;
			files = (
			);
			runOnlyForDeploymentPostprocessing = 0;
		};
/* End PBXFrameworksBuildPhase section */

/* Begin PBXGroup section */
		B625D2A1248BAD8F00773D59 /* Controller */ = {
			isa = PBXGroup;
			children = (
				B625D2AB248BD4A700773D59 /* AddTransportmiddelController.swift */,
				B6B42C6D248A76F4007E8582 /* BaseViewController.swift */,
				B625D29D248B962E00773D59 /* MainNavigationController.swift */,
				B625D2AD248BE10700773D59 /* AddMetingController.swift */,
				B668210E248BF0C600F7D88E /* TransportTableViewController.swift */,
				B66F18E4249E246C00F2E490 /* voertuigDetailsController.swift */,
				B6D3A22424C347AB002C7E1B /* historyController.swift */,
			);
			path = Controller;
			sourceTree = "<group>";
		};
		B625D2A2248BAD9B00773D59 /* Resources */ = {
			isa = PBXGroup;
			children = (
				B6D3A22624C4F71A002C7E1B /* Images */,
			);
			path = Resources;
			sourceTree = "<group>";
		};
		B625D2A3248BADA700773D59 /* Model */ = {
			isa = PBXGroup;
			children = (
				B625D29F248B9DC000773D59 /* StructuurVariabelen.swift */,
				B6682117248E2B1F00F7D88E /* ApiStruct.swift */,
			);
			path = Model;
			sourceTree = "<group>";
		};
		B625D2A4248BAEBD00773D59 /* View */ = {
			isa = PBXGroup;
			children = (
				B6B42C6F248A76F4007E8582 /* Main.storyboard */,
				B6B42C74248A76F7007E8582 /* LaunchScreen.storyboard */,
			);
			path = View;
			sourceTree = "<group>";
		};
		B650A17524923DA80043A443 /* Validation */ = {
			isa = PBXGroup;
			children = (
				B650A17624923DC10043A443 /* Validation.swift */,
			);
			path = Validation;
			sourceTree = "<group>";
		};
		B6682114248D2CCB00F7D88E /* API */ = {
			isa = PBXGroup;
			children = (
				B6682119248E2C0300F7D88E /* Request */,
				B6682115248D2D3B00F7D88E /* apiConnection.swift */,
			);
			path = API;
			sourceTree = "<group>";
		};
		B6682119248E2C0300F7D88E /* Request */ = {
			isa = PBXGroup;
			children = (
				B668211A248E2C1500F7D88E /* TransportRequest.swift */,
				B6646E4624C0934300EF3E52 /* MeetingRequest.swift */,
			);
			path = Request;
			sourceTree = "<group>";
		};
		B6B42C5D248A76F4007E8582 = {
			isa = PBXGroup;
			children = (
				B6B42C68248A76F4007E8582 /* Fuelcounter */,
				B6B42C67248A76F4007E8582 /* Products */,
			);
			sourceTree = "<group>";
		};
		B6B42C67248A76F4007E8582 /* Products */ = {
			isa = PBXGroup;
			children = (
				B6B42C66248A76F4007E8582 /* Fuelcounter.app */,
			);
			name = Products;
			sourceTree = "<group>";
		};
		B6B42C68248A76F4007E8582 /* Fuelcounter */ = {
			isa = PBXGroup;
			children = (
				B650A17524923DA80043A443 /* Validation */,
				B6682114248D2CCB00F7D88E /* API */,
				B625D2A4248BAEBD00773D59 /* View */,
				B625D2A3248BADA700773D59 /* Model */,
				B625D2A2248BAD9B00773D59 /* Resources */,
				B625D2A1248BAD8F00773D59 /* Controller */,
				B6B42C69248A76F4007E8582 /* AppDelegate.swift */,
				B6B42C6B248A76F4007E8582 /* SceneDelegate.swift */,
				B6B42C72248A76F7007E8582 /* Assets.xcassets */,
				B6B42C77248A76F7007E8582 /* Info.plist */,
			);
			path = Fuelcounter;
			sourceTree = "<group>";
		};
		B6D3A22624C4F71A002C7E1B /* Images */ = {
			isa = PBXGroup;
			children = (
				B6D3A23324C4F895002C7E1B /* logout.png */,
				B6D3A22724C4F733002C7E1B /* sym-motor.png */,
				B6D3A22924C4F73A002C7E1B /* meter.png */,
				B6D3A22B24C4F740002C7E1B /* steering-wheel.png */,
				B6D3A22D24C4F7AF002C7E1B /* turbo.png */,
				B6D3A23524C4FD57002C7E1B /* jonathan-borba-Hnws8oSFcgU-unsplash.jpg */,
				B6D3A22F24C4F7C3002C7E1B /* timon-studler-qSBrGyEtbdQ-unsplash.jpg */,
				B6D3A23124C4F7C8002C7E1B /* gab-pili-zXbKVDCyW8A-unsplash.jpg */,
			);
			path = Images;
			sourceTree = "<group>";
		};
/* End PBXGroup section */

/* Begin PBXNativeTarget section */
		B6B42C65248A76F4007E8582 /* Fuelcounter */ = {
			isa = PBXNativeTarget;
			buildConfigurationList = B6B42C7A248A76F7007E8582 /* Build configuration list for PBXNativeTarget "Fuelcounter" */;
			buildPhases = (
				B6B42C62248A76F4007E8582 /* Sources */,
				B6B42C63248A76F4007E8582 /* Frameworks */,
				B6B42C64248A76F4007E8582 /* Resources */,
			);
			buildRules = (
			);
			dependencies = (
			);
			name = Fuelcounter;
			productName = Fuelcounter;
			productReference = B6B42C66248A76F4007E8582 /* Fuelcounter.app */;
			productType = "com.apple.product-type.application";
		};
/* End PBXNativeTarget section */

/* Begin PBXProject section */
		B6B42C5E248A76F4007E8582 /* Project object */ = {
			isa = PBXProject;
			attributes = {
				LastSwiftUpdateCheck = 1150;
				LastUpgradeCheck = 1150;
				ORGANIZATIONNAME = Nelson;
				TargetAttributes = {
					B6B42C65248A76F4007E8582 = {
						CreatedOnToolsVersion = 11.5;
					};
				};
			};
			buildConfigurationList = B6B42C61248A76F4007E8582 /* Build configuration list for PBXProject "Fuelcounter" */;
			compatibilityVersion = "Xcode 9.3";
			developmentRegion = en;
			hasScannedForEncodings = 0;
			knownRegions = (
				en,
				Base,
			);
			mainGroup = B6B42C5D248A76F4007E8582;
			productRefGroup = B6B42C67248A76F4007E8582 /* Products */;
			projectDirPath = "";
			projectRoot = "";
			targets = (
				B6B42C65248A76F4007E8582 /* Fuelcounter */,
			);
		};
/* End PBXProject section */

/* Begin PBXResourcesBuildPhase section */
		B6B42C64248A76F4007E8582 /* Resources */ = {
			isa = PBXResourcesBuildPhase;
			buildActionMask = 2147483647;
			files = (
				B6D3A23224C4F7C8002C7E1B /* gab-pili-zXbKVDCyW8A-unsplash.jpg in Resources */,
				B6D3A22C24C4F740002C7E1B /* steering-wheel.png in Resources */,
				B6D3A22A24C4F73A002C7E1B /* meter.png in Resources */,
				B668211E248E685700F7D88E /* TransportRequest.swift in Resources */,
				B6682120248E685700F7D88E /* apiConnection.swift in Resources */,
				B6D3A23624C4FD57002C7E1B /* jonathan-borba-Hnws8oSFcgU-unsplash.jpg in Resources */,
				B6B42C76248A76F7007E8582 /* LaunchScreen.storyboard in Resources */,
				B6D3A22824C4F733002C7E1B /* sym-motor.png in Resources */,
				B6D3A23024C4F7C3002C7E1B /* timon-studler-qSBrGyEtbdQ-unsplash.jpg in Resources */,
				B6B42C73248A76F7007E8582 /* Assets.xcassets in Resources */,
				B6B42C71248A76F4007E8582 /* Main.storyboard in Resources */,
				B6D3A22E24C4F7AF002C7E1B /* turbo.png in Resources */,
				B6D3A23424C4F895002C7E1B /* logout.png in Resources */,
			);
			runOnlyForDeploymentPostprocessing = 0;
		};
/* End PBXResourcesBuildPhase section */

/* Begin PBXSourcesBuildPhase section */
		B6B42C62248A76F4007E8582 /* Sources */ = {
			isa = PBXSourcesBuildPhase;
			buildActionMask = 2147483647;
			files = (
				B6B42C6E248A76F4007E8582 /* BaseViewController.swift in Sources */,
				B625D2A0248B9DC000773D59 /* StructuurVariabelen.swift in Sources */,
				B6D3A22524C347AB002C7E1B /* historyController.swift in Sources */,
				B6682116248D2D3B00F7D88E /* apiConnection.swift in Sources */,
				B6646E4724C0934300EF3E52 /* MeetingRequest.swift in Sources */,
				B668211B248E2C1500F7D88E /* TransportRequest.swift in Sources */,
				B650A17724923DC20043A443 /* Validation.swift in Sources */,
				B625D2AC248BD4A700773D59 /* AddTransportmiddelController.swift in Sources */,
				B66F18E5249E246C00F2E490 /* voertuigDetailsController.swift in Sources */,
				B625D2AE248BE10700773D59 /* AddMetingController.swift in Sources */,
				B6B42C6A248A76F4007E8582 /* AppDelegate.swift in Sources */,
				B668210F248BF0C600F7D88E /* TransportTableViewController.swift in Sources */,
				B6682118248E2B1F00F7D88E /* ApiStruct.swift in Sources */,
				B625D29E248B962E00773D59 /* MainNavigationController.swift in Sources */,
				B6B42C6C248A76F4007E8582 /* SceneDelegate.swift in Sources */,
			);
			runOnlyForDeploymentPostprocessing = 0;
		};
/* End PBXSourcesBuildPhase section */

/* Begin PBXVariantGroup section */
		B6B42C6F248A76F4007E8582 /* Main.storyboard */ = {
			isa = PBXVariantGroup;
			children = (
				B6B42C70248A76F4007E8582 /* Base */,
			);
			name = Main.storyboard;
			sourceTree = "<group>";
		};
		B6B42C74248A76F7007E8582 /* LaunchScreen.storyboard */ = {
			isa = PBXVariantGroup;
			children = (
				B6B42C75248A76F7007E8582 /* Base */,
			);
			name = LaunchScreen.storyboard;
			sourceTree = "<group>";
		};
/* End PBXVariantGroup section */

/* Begin XCBuildConfiguration section */
		B6B42C78248A76F7007E8582 /* Debug */ = {
			isa = XCBuildConfiguration;
			buildSettings = {
				ALWAYS_SEARCH_USER_PATHS = NO;
				CLANG_ANALYZER_NONNULL = YES;
				CLANG_ANALYZER_NUMBER_OBJECT_CONVERSION = YES_AGGRESSIVE;
				CLANG_CXX_LANGUAGE_STANDARD = "gnu++14";
				CLANG_CXX_LIBRARY = "libc++";
				CLANG_ENABLE_MODULES = YES;
				CLANG_ENABLE_OBJC_ARC = YES;
				CLANG_ENABLE_OBJC_WEAK = YES;
				CLANG_WARN_BLOCK_CAPTURE_AUTORELEASING = YES;
				CLANG_WARN_BOOL_CONVERSION = YES;
				CLANG_WARN_COMMA = YES;
				CLANG_WARN_CONSTANT_CONVERSION = YES;
				CLANG_WARN_DEPRECATED_OBJC_IMPLEMENTATIONS = YES;
				CLANG_WARN_DIRECT_OBJC_ISA_USAGE = YES_ERROR;
				CLANG_WARN_DOCUMENTATION_COMMENTS = YES;
				CLANG_WARN_EMPTY_BODY = YES;
				CLANG_WARN_ENUM_CONVERSION = YES;
				CLANG_WARN_INFINITE_RECURSION = YES;
				CLANG_WARN_INT_CONVERSION = YES;
				CLANG_WARN_NON_LITERAL_NULL_CONVERSION = YES;
				CLANG_WARN_OBJC_IMPLICIT_RETAIN_SELF = YES;
				CLANG_WARN_OBJC_LITERAL_CONVERSION = YES;
				CLANG_WARN_OBJC_ROOT_CLASS = YES_ERROR;
				CLANG_WARN_RANGE_LOOP_ANALYSIS = YES;
				CLANG_WARN_STRICT_PROTOTYPES = YES;
				CLANG_WARN_SUSPICIOUS_MOVE = YES;
				CLANG_WARN_UNGUARDED_AVAILABILITY = YES_AGGRESSIVE;
				CLANG_WARN_UNREACHABLE_CODE = YES;
				CLANG_WARN__DUPLICATE_METHOD_MATCH = YES;
				COPY_PHASE_STRIP = NO;
				DEBUG_INFORMATION_FORMAT = dwarf;
				ENABLE_STRICT_OBJC_MSGSEND = YES;
				ENABLE_TESTABILITY = YES;
				GCC_C_LANGUAGE_STANDARD = gnu11;
				GCC_DYNAMIC_NO_PIC = NO;
				GCC_NO_COMMON_BLOCKS = YES;
				GCC_OPTIMIZATION_LEVEL = 0;
				GCC_PREPROCESSOR_DEFINITIONS = (
					"DEBUG=1",
					"$(inherited)",
				);
				GCC_WARN_64_TO_32_BIT_CONVERSION = YES;
				GCC_WARN_ABOUT_RETURN_TYPE = YES_ERROR;
				GCC_WARN_UNDECLARED_SELECTOR = YES;
				GCC_WARN_UNINITIALIZED_AUTOS = YES_AGGRESSIVE;
				GCC_WARN_UNUSED_FUNCTION = YES;
				GCC_WARN_UNUSED_VARIABLE = YES;
				IPHONEOS_DEPLOYMENT_TARGET = 13.5;
				MTL_ENABLE_DEBUG_INFO = INCLUDE_SOURCE;
				MTL_FAST_MATH = YES;
				ONLY_ACTIVE_ARCH = YES;
				SDKROOT = iphoneos;
				SWIFT_ACTIVE_COMPILATION_CONDITIONS = DEBUG;
				SWIFT_OPTIMIZATION_LEVEL = "-Onone";
			};
			name = Debug;
		};
		B6B42C79248A76F7007E8582 /* Release */ = {
			isa = XCBuildConfiguration;
			buildSettings = {
				ALWAYS_SEARCH_USER_PATHS = NO;
				CLANG_ANALYZER_NONNULL = YES;
				CLANG_ANALYZER_NUMBER_OBJECT_CONVERSION = YES_AGGRESSIVE;
				CLANG_CXX_LANGUAGE_STANDARD = "gnu++14";
				CLANG_CXX_LIBRARY = "libc++";
				CLANG_ENABLE_MODULES = YES;
				CLANG_ENABLE_OBJC_ARC = YES;
				CLANG_ENABLE_OBJC_WEAK = YES;
				CLANG_WARN_BLOCK_CAPTURE_AUTORELEASING = YES;
				CLANG_WARN_BOOL_CONVERSION = YES;
				CLANG_WARN_COMMA = YES;
				CLANG_WARN_CONSTANT_CONVERSION = YES;
				CLANG_WARN_DEPRECATED_OBJC_IMPLEMENTATIONS = YES;
				CLANG_WARN_DIRECT_OBJC_ISA_USAGE = YES_ERROR;
				CLANG_WARN_DOCUMENTATION_COMMENTS = YES;
				CLANG_WARN_EMPTY_BODY = YES;
				CLANG_WARN_ENUM_CONVERSION = YES;
				CLANG_WARN_INFINITE_RECURSION = YES;
				CLANG_WARN_INT_CONVERSION = YES;
				CLANG_WARN_NON_LITERAL_NULL_CONVERSION = YES;
				CLANG_WARN_OBJC_IMPLICIT_RETAIN_SELF = YES;
				CLANG_WARN_OBJC_LITERAL_CONVERSION = YES;
				CLANG_WARN_OBJC_ROOT_CLASS = YES_ERROR;
				CLANG_WARN_RANGE_LOOP_ANALYSIS = YES;
				CLANG_WARN_STRICT_PROTOTYPES = YES;
				CLANG_WARN_SUSPICIOUS_MOVE = YES;
				CLANG_WARN_UNGUARDED_AVAILABILITY = YES_AGGRESSIVE;
				CLANG_WARN_UNREACHABLE_CODE = YES;
				CLANG_WARN__DUPLICATE_METHOD_MATCH = YES;
				COPY_PHASE_STRIP = NO;
				DEBUG_INFORMATION_FORMAT = "dwarf-with-dsym";
				ENABLE_NS_ASSERTIONS = NO;
				ENABLE_STRICT_OBJC_MSGSEND = YES;
				GCC_C_LANGUAGE_STANDARD = gnu11;
				GCC_NO_COMMON_BLOCKS = YES;
				GCC_WARN_64_TO_32_BIT_CONVERSION = YES;
				GCC_WARN_ABOUT_RETURN_TYPE = YES_ERROR;
				GCC_WARN_UNDECLARED_SELECTOR = YES;
				GCC_WARN_UNINITIALIZED_AUTOS = YES_AGGRESSIVE;
				GCC_WARN_UNUSED_FUNCTION = YES;
				GCC_WARN_UNUSED_VARIABLE = YES;
				IPHONEOS_DEPLOYMENT_TARGET = 13.5;
				MTL_ENABLE_DEBUG_INFO = NO;
				MTL_FAST_MATH = YES;
				SDKROOT = iphoneos;
				SWIFT_COMPILATION_MODE = wholemodule;
				SWIFT_OPTIMIZATION_LEVEL = "-O";
				VALIDATE_PRODUCT = YES;
			};
			name = Release;
		};
		B6B42C7B248A76F7007E8582 /* Debug */ = {
			isa = XCBuildConfiguration;
			buildSettings = {
				ASSETCATALOG_COMPILER_APPICON_NAME = AppIcon;
				CODE_SIGN_STYLE = Automatic;
				DEVELOPMENT_TEAM = 8MV67SNTKA;
				INFOPLIST_FILE = Fuelcounter/Info.plist;
				LD_RUNPATH_SEARCH_PATHS = (
					"$(inherited)",
					"@executable_path/Frameworks",
				);
				PRODUCT_BUNDLE_IDENTIFIER = com.Fuelcounter;
				PRODUCT_NAME = "$(TARGET_NAME)";
				SWIFT_VERSION = 5.0;
				TARGETED_DEVICE_FAMILY = "1,2";
			};
			name = Debug;
		};
		B6B42C7C248A76F7007E8582 /* Release */ = {
			isa = XCBuildConfiguration;
			buildSettings = {
				ASSETCATALOG_COMPILER_APPICON_NAME = AppIcon;
				CODE_SIGN_STYLE = Automatic;
				DEVELOPMENT_TEAM = 8MV67SNTKA;
				INFOPLIST_FILE = Fuelcounter/Info.plist;
				LD_RUNPATH_SEARCH_PATHS = (
					"$(inherited)",
					"@executable_path/Frameworks",
				);
				PRODUCT_BUNDLE_IDENTIFIER = com.Fuelcounter;
				PRODUCT_NAME = "$(TARGET_NAME)";
				SWIFT_VERSION = 5.0;
				TARGETED_DEVICE_FAMILY = "1,2";
			};
			name = Release;
		};
/* End XCBuildConfiguration section */

/* Begin XCConfigurationList section */
		B6B42C61248A76F4007E8582 /* Build configuration list for PBXProject "Fuelcounter" */ = {
			isa = XCConfigurationList;
			buildConfigurations = (
				B6B42C78248A76F7007E8582 /* Debug */,
				B6B42C79248A76F7007E8582 /* Release */,
			);
			defaultConfigurationIsVisible = 0;
			defaultConfigurationName = Release;
		};
		B6B42C7A248A76F7007E8582 /* Build configuration list for PBXNativeTarget "Fuelcounter" */ = {
			isa = XCConfigurationList;
			buildConfigurations = (
				B6B42C7B248A76F7007E8582 /* Debug */,
				B6B42C7C248A76F7007E8582 /* Release */,
			);
			defaultConfigurationIsVisible = 0;
			defaultConfigurationName = Release;
		};
/* End XCConfigurationList section */
	};
	rootObject = B6B42C5E248A76F4007E8582 /* Project object */;
}
